# This file is automatically @generated by Cargo.
# It is not intended for manual editing.
version = 4

[[package]]
name = "leancookie"
version = "3.1.6"

[[package]]
name = "leandhcp"
version = "3.1.6"

[[package]]
name = "leanelf"
version = "3.1.6"

[[package]]
name = "leanh2"
version = "3.1.6"

[[package]]
name = "leanhttp"
version = "3.1.6"

[[package]]
name = "leanhttps"
version = "3.1.6"
dependencies = [
 "leanhttp",
 "leantls",
]

[[package]]
name = "leannet"
version = "3.1.6"

[[package]]
name = "leanrand"
version = "3.1.6"

[[package]]
name = "leans3"
version = "3.1.6"

[[package]]
name = "leantls"
version = "3.1.6"
